
Microsoft Visual Studio Solution File, Format Version 12.00
# Visual Studio Version 17
VisualStudioVersion = 17.7.34003.232
MinimumVisualStudioVersion = 10.0.40219.1
Project("{FAE04EC0-301F-11D3-BF4B-00C04F79EFBC}") = "Civil3DExtractSurfacesFromSolid", "Civil3DExtractSurfacesFromSolid.csproj", "{BBD4323E-5B9E-4A24-9ED2-5BA20FB72929}"
EndProject
Global
	GlobalSection(SolutionConfigurationPlatforms) = preSolution
		Debug|Any CPU = Debug|Any CPU
		Release|Any CPU = Release|Any CPU
	EndGlobalSection
	GlobalSection(ProjectConfigurationPlatforms) = postSolution
		{BBD4323E-5B9E-4A24-9ED2-5BA20FB72929}.Debug|Any CPU.ActiveCfg = Debug|Any CPU
		{BBD4323E-5B9E-4A24-9ED2-5BA20FB72929}.Debug|Any CPU.Build.0 = Debug|Any CPU
		{BBD4323E-5B9E-4A24-9ED2-5BA20FB72929}.Release|Any CPU.ActiveCfg = Release|Any CPU
		{BBD4323E-5B9E-4A24-9ED2-5BA20FB72929}.Release|Any CPU.Build.0 = Release|Any CPU
	EndGlobalSection
	GlobalSection(SolutionProperties) = preSolution
		HideSolutionNode = FALSE
	EndGlobalSection
	GlobalSection(ExtensibilityGlobals) = postSolution
		SolutionGuid = {A7E30A1E-EEF7-43CD-8EFD-89383F9769FA}
	EndGlobalSection
EndGlobal
